# This file is @generated by PDM.
# It is not intended for manual editing.

[metadata]
groups = ["default", "test"]
strategy = ["cross_platform"]
lock_version = "4.5.0"
content_hash = "sha256:af6964952607ddf0a4ee9a5f824bd01aed60a34ef08a815986a5ca83c4e4959a"

[[metadata.targets]]
requires_python = ">=3.8"

[[package]]
name = "click"
version = "8.1.7"
requires_python = ">=3.7"
summary = "Composable command line interface toolkit"
dependencies = [
    "colorama; platform_system == \"Windows\"",
    "importlib-metadata; python_version < \"3.8\"",
]
files = [
    {file = "click-8.1.7-py3-none-any.whl", hash = "sha256:ae74fb96c20a0277a1d615f1e4d73c8414f5a98db8b799a7931d1582f3390c28"},
    {file = "click-8.1.7.tar.gz", hash = "sha256:ca9853ad459e787e2192211578cc907e7594e294c7ccc834310722b41b9ca6de"},
]

[[package]]
name = "colorama"
version = "0.4.6"
requires_python = "!=3.0.*,!=3.1.*,!=3.2.*,!=3.3.*,!=3.4.*,!=3.5.*,!=3.6.*,>=2.7"
summary = "Cross-platform colored terminal text."
files = [
    {file = "colorama-0.4.6-py2.py3-none-any.whl", hash = "sha256:4f1d9991f5acc0ca119f9d443620b77f9d6b33703e51011c16baf57afb285fc6"},
    {file = "colorama-0.4.6.tar.gz", hash = "sha256:08695f5cb7ed6e0531a20572697297273c47b8cae5a63ffc6d6ed5c201be6e44"},
]

[[package]]
name = "exceptiongroup"
version = "1.2.2"
requires_python = ">=3.7"
summary = "Backport of PEP 654 (exception groups)"
files = [
    {file = "exceptiongroup-1.2.2-py3-none-any.whl", hash = "sha256:3111b9d131c238bec2f8f516e123e14ba243563fb135d3fe885990585aa7795b"},
    {file = "exceptiongroup-1.2.2.tar.gz", hash = "sha256:47c2edf7c6738fafb49fd34290706d1a1a2f4d1c6df275526b62cbb4aa5393cc"},
]

[[package]]
name = "iniconfig"
version = "2.0.0"
requires_python = ">=3.7"
summary = "brain-dead simple config-ini parsing"
files = [
    {file = "iniconfig-2.0.0-py3-none-any.whl", hash = "sha256:b6a85871a79d2e3b22d2d1b94ac2824226a63c6b741c88f7ae975f18b6778374"},
    {file = "iniconfig-2.0.0.tar.gz", hash = "sha256:2d91e135bf72d31a410b17c16da610a82cb55f6b0477d1a902134b24a455b8b3"},
]

[[package]]
name = "packaging"
version = "24.1"
requires_python = ">=3.8"
summary = "Core utilities for Python packages"
files = [
    {file = "packaging-24.1-py3-none-any.whl", hash = "sha256:5b8f2217dbdbd2f7f384c41c628544e6d52f2d0f53c6d0c3ea61aa5d1d7ff124"},
    {file = "packaging-24.1.tar.gz", hash = "sha256:026ed72c8ed3fcce5bf8950572258698927fd1dbda10a5e981cdf0ac37f4f002"},
]

[[package]]
name = "pluggy"
version = "1.5.0"
requires_python = ">=3.8"
summary = "plugin and hook calling mechanisms for python"
files = [
    {file = "pluggy-1.5.0-py3-none-any.whl", hash = "sha256:44e1ad92c8ca002de6377e165f3e0f1be63266ab4d554740532335b9d75ea669"},
    {file = "pluggy-1.5.0.tar.gz", hash = "sha256:2cffa88e94fdc978c4c574f15f9e59b7f4201d439195c3715ca9e2486f1d0cf1"},
]

[[package]]
name = "pytest"
version = "8.3.4"
requires_python = ">=3.8"
summary = "pytest: simple powerful testing with Python"
dependencies = [
    "colorama; sys_platform == \"win32\"",
    "exceptiongroup>=1.0.0rc8; python_version < \"3.11\"",
    "iniconfig",
    "packaging",
    "pluggy<2,>=1.5",
    "tomli>=1; python_version < \"3.11\"",
]
files = [
    {file = "pytest-8.3.4-py3-none-any.whl", hash = "sha256:50e16d954148559c9a74109af1eaf0c945ba2d8f30f0a3d3335edde19788b6f6"},
    {file = "pytest-8.3.4.tar.gz", hash = "sha256:965370d062bce11e73868e0335abac31b4d3de0e82f4007408d242b4f8610761"},
]

[[package]]
name = "pytest-mock"
version = "3.14.0"
requires_python = ">=3.8"
summary = "Thin-wrapper around the mock package for easier use with pytest"
dependencies = [
    "pytest>=6.2.5",
]
files = [
    {file = "pytest-mock-3.14.0.tar.gz", hash = "sha256:2719255a1efeceadbc056d6bf3df3d1c5015530fb40cf347c0f9afac88410bd0"},
    {file = "pytest_mock-3.14.0-py3-none-any.whl", hash = "sha256:0b72c38033392a5f4621342fe11e9219ac11ec9d375f8e2a0c164539e0d70f6f"},
]

[[package]]
name = "tomli"
version = "2.0.2"
requires_python = ">=3.8"
summary = "A lil' TOML parser"
files = [
    {file = "tomli-2.0.2-py3-none-any.whl", hash = "sha256:2ebe24485c53d303f690b0ec092806a085f07af5a5aa1464f3931eec36caaa38"},
    {file = "tomli-2.0.2.tar.gz", hash = "sha256:d46d457a85337051c36524bc5349dd91b1877838e2979ac5ced3e710ed8a60ed"},
]

[[package]]
name = "tomlkit"
version = "0.13.2"
requires_python = ">=3.8"
summary = "Style preserving TOML library"
files = [
    {file = "tomlkit-0.13.2-py3-none-any.whl", hash = "sha256:7a974427f6e119197f670fbbbeae7bef749a6c14e793db934baefc1b5f03efde"},
    {file = "tomlkit-0.13.2.tar.gz", hash = "sha256:fff5fe59a87295b278abd31bec92c15d9bc4a06885ab12bcea52c71119392e79"},
]

[[package]]
name = "userpath"
version = "1.9.2"
requires_python = ">=3.7"
summary = "Cross-platform tool for adding locations to the user PATH"
dependencies = [
    "click",
]
files = [
    {file = "userpath-1.9.2-py3-none-any.whl", hash = "sha256:2cbf01a23d655a1ff8fc166dfb78da1b641d1ceabf0fe5f970767d380b14e89d"},
    {file = "userpath-1.9.2.tar.gz", hash = "sha256:6c52288dab069257cc831846d15d48133522455d4677ee69a9781f11dbefd815"},
]

[[package]]
name = "uv"
version = "0.5.15"
requires_python = ">=3.8"
summary = "An extremely fast Python package and project manager, written in Rust."
files = [
    {file = "uv-0.5.15-py3-none-linux_armv6l.whl", hash = "sha256:0a3f5d7218a258be53bd2152bb2eb7305f81dff0542f5a1614458bc9f3a1a87b"},
    {file = "uv-0.5.15-py3-none-macosx_10_12_x86_64.whl", hash = "sha256:b255cb912247f165a2479a342293afa51a30c7c2f025163ecdbaabb238383379"},
    {file = "uv-0.5.15-py3-none-macosx_11_0_arm64.whl", hash = "sha256:2a967e063457966c17fd599d8e53c05376d32d056665350cdc5c56f7af0f3eea"},
    {file = "uv-0.5.15-py3-none-manylinux_2_17_aarch64.manylinux2014_aarch64.musllinux_1_1_aarch64.whl", hash = "sha256:95ce9db23b9d3492d3b8d6a8fc8093820f39440a6319e9baf50f4b362bc6c9bb"},
    {file = "uv-0.5.15-py3-none-manylinux_2_17_armv7l.manylinux2014_armv7l.whl", hash = "sha256:a31f8c833121952ca9d9a1edc64ba88810231547beff611e448c1ce813df595a"},
    {file = "uv-0.5.15-py3-none-manylinux_2_17_i686.manylinux2014_i686.whl", hash = "sha256:de7494e2d86893fb8f36005a66d009c151bd548d437405a7d3e257585b89df30"},
    {file = "uv-0.5.15-py3-none-manylinux_2_17_ppc64.manylinux2014_ppc64.whl", hash = "sha256:5605cba0162f1f97ed60ad9eed8919ef733af8326e38380d06323f265bef15de"},
    {file = "uv-0.5.15-py3-none-manylinux_2_17_ppc64le.manylinux2014_ppc64le.whl", hash = "sha256:d08d47b66ee65adba37727b65278e1c8a9009f172cedcfa4b8d4cf3aca48e39b"},
    {file = "uv-0.5.15-py3-none-manylinux_2_17_s390x.manylinux2014_s390x.whl", hash = "sha256:1b9f9e8f4bdfffcfcc0368c4b9464651a5b428287b91d130d0c8291df64f2846"},
    {file = "uv-0.5.15-py3-none-manylinux_2_17_x86_64.manylinux2014_x86_64.whl", hash = "sha256:1a0f7523d34daec3727bbd8d7c7a53fd9b22d77329a4849f21c38ee94124d061"},
    {file = "uv-0.5.15-py3-none-manylinux_2_28_aarch64.whl", hash = "sha256:cdfa8200a50c3bff4fb9be7833c8c66da7bc714f7e2d6f2ea9aa4e29a4425192"},
    {file = "uv-0.5.15-py3-none-musllinux_1_1_armv7l.whl", hash = "sha256:c93be8ab085be9d175c2daa21eff16c6117e4725fbcfc9c2734ec03ec5e5e2aa"},
    {file = "uv-0.5.15-py3-none-musllinux_1_1_i686.whl", hash = "sha256:a7bfee425b251b7ac7794262c075d9784850a5315f70a4a62182e1eb4d74dddc"},
    {file = "uv-0.5.15-py3-none-musllinux_1_1_x86_64.whl", hash = "sha256:3ceb25de833b81077b4b17158c192c05416a09521ff96c79879e04842c4cad4e"},
    {file = "uv-0.5.15-py3-none-win32.whl", hash = "sha256:39f3df251ae17ed80ff4ce500797b54321c1d4384d2faf5cf46bca3af0c5b9c2"},
    {file = "uv-0.5.15-py3-none-win_amd64.whl", hash = "sha256:e7e3aefb6c7101ba5567138d0fe81834e78d1f74158e11b44867a598fa667df3"},
    {file = "uv-0.5.15.tar.gz", hash = "sha256:b624ea5eef977b922a08f23fbd9a476b62fdbe7f54ca3f8dedf82cd4b330ed73"},
]
