# This file is @generated by PDM.
# It is not intended for manual editing.

[metadata]
groups = ["default", "test"]
strategy = ["cross_platform"]
lock_version = "4.5.0"
content_hash = "sha256:af6964952607ddf0a4ee9a5f824bd01aed60a34ef08a815986a5ca83c4e4959a"

[[metadata.targets]]
requires_python = ">=3.8"

[[package]]
name = "click"
version = "8.1.7"
requires_python = ">=3.7"
summary = "Composable command line interface toolkit"
dependencies = [
    "colorama; platform_system == \"Windows\"",
    "importlib-metadata; python_version < \"3.8\"",
]
files = [
    {file = "click-8.1.7-py3-none-any.whl", hash = "sha256:ae74fb96c20a0277a1d615f1e4d73c8414f5a98db8b799a7931d1582f3390c28"},
    {file = "click-8.1.7.tar.gz", hash = "sha256:ca9853ad459e787e2192211578cc907e7594e294c7ccc834310722b41b9ca6de"},
]

[[package]]
name = "colorama"
version = "0.4.6"
requires_python = "!=3.0.*,!=3.1.*,!=3.2.*,!=3.3.*,!=3.4.*,!=3.5.*,!=3.6.*,>=2.7"
summary = "Cross-platform colored terminal text."
files = [
    {file = "colorama-0.4.6-py2.py3-none-any.whl", hash = "sha256:4f1d9991f5acc0ca119f9d443620b77f9d6b33703e51011c16baf57afb285fc6"},
    {file = "colorama-0.4.6.tar.gz", hash = "sha256:08695f5cb7ed6e0531a20572697297273c47b8cae5a63ffc6d6ed5c201be6e44"},
]

[[package]]
name = "exceptiongroup"
version = "1.2.2"
requires_python = ">=3.7"
summary = "Backport of PEP 654 (exception groups)"
files = [
    {file = "exceptiongroup-1.2.2-py3-none-any.whl", hash = "sha256:3111b9d131c238bec2f8f516e123e14ba243563fb135d3fe885990585aa7795b"},
    {file = "exceptiongroup-1.2.2.tar.gz", hash = "sha256:47c2edf7c6738fafb49fd34290706d1a1a2f4d1c6df275526b62cbb4aa5393cc"},
]

[[package]]
name = "iniconfig"
version = "2.0.0"
requires_python = ">=3.7"
summary = "brain-dead simple config-ini parsing"
files = [
    {file = "iniconfig-2.0.0-py3-none-any.whl", hash = "sha256:b6a85871a79d2e3b22d2d1b94ac2824226a63c6b741c88f7ae975f18b6778374"},
    {file = "iniconfig-2.0.0.tar.gz", hash = "sha256:2d91e135bf72d31a410b17c16da610a82cb55f6b0477d1a902134b24a455b8b3"},
]

[[package]]
name = "packaging"
version = "24.1"
requires_python = ">=3.8"
summary = "Core utilities for Python packages"
files = [
    {file = "packaging-24.1-py3-none-any.whl", hash = "sha256:5b8f2217dbdbd2f7f384c41c628544e6d52f2d0f53c6d0c3ea61aa5d1d7ff124"},
    {file = "packaging-24.1.tar.gz", hash = "sha256:026ed72c8ed3fcce5bf8950572258698927fd1dbda10a5e981cdf0ac37f4f002"},
]

[[package]]
name = "pluggy"
version = "1.5.0"
requires_python = ">=3.8"
summary = "plugin and hook calling mechanisms for python"
files = [
    {file = "pluggy-1.5.0-py3-none-any.whl", hash = "sha256:44e1ad92c8ca002de6377e165f3e0f1be63266ab4d554740532335b9d75ea669"},
    {file = "pluggy-1.5.0.tar.gz", hash = "sha256:2cffa88e94fdc978c4c574f15f9e59b7f4201d439195c3715ca9e2486f1d0cf1"},
]

[[package]]
name = "pytest"
version = "8.3.3"
requires_python = ">=3.8"
summary = "pytest: simple powerful testing with Python"
dependencies = [
    "colorama; sys_platform == \"win32\"",
    "exceptiongroup>=1.0.0rc8; python_version < \"3.11\"",
    "iniconfig",
    "packaging",
    "pluggy<2,>=1.5",
    "tomli>=1; python_version < \"3.11\"",
]
files = [
    {file = "pytest-8.3.3-py3-none-any.whl", hash = "sha256:a6853c7375b2663155079443d2e45de913a911a11d669df02a50814944db57b2"},
    {file = "pytest-8.3.3.tar.gz", hash = "sha256:70b98107bd648308a7952b06e6ca9a50bc660be218d53c257cc1fc94fda10181"},
]

[[package]]
name = "pytest-mock"
version = "3.14.0"
requires_python = ">=3.8"
summary = "Thin-wrapper around the mock package for easier use with pytest"
dependencies = [
    "pytest>=6.2.5",
]
files = [
    {file = "pytest-mock-3.14.0.tar.gz", hash = "sha256:2719255a1efeceadbc056d6bf3df3d1c5015530fb40cf347c0f9afac88410bd0"},
    {file = "pytest_mock-3.14.0-py3-none-any.whl", hash = "sha256:0b72c38033392a5f4621342fe11e9219ac11ec9d375f8e2a0c164539e0d70f6f"},
]

[[package]]
name = "tomli"
version = "2.0.2"
requires_python = ">=3.8"
summary = "A lil' TOML parser"
files = [
    {file = "tomli-2.0.2-py3-none-any.whl", hash = "sha256:2ebe24485c53d303f690b0ec092806a085f07af5a5aa1464f3931eec36caaa38"},
    {file = "tomli-2.0.2.tar.gz", hash = "sha256:d46d457a85337051c36524bc5349dd91b1877838e2979ac5ced3e710ed8a60ed"},
]

[[package]]
name = "tomlkit"
version = "0.13.2"
requires_python = ">=3.8"
summary = "Style preserving TOML library"
files = [
    {file = "tomlkit-0.13.2-py3-none-any.whl", hash = "sha256:7a974427f6e119197f670fbbbeae7bef749a6c14e793db934baefc1b5f03efde"},
    {file = "tomlkit-0.13.2.tar.gz", hash = "sha256:fff5fe59a87295b278abd31bec92c15d9bc4a06885ab12bcea52c71119392e79"},
]

[[package]]
name = "userpath"
version = "1.9.2"
requires_python = ">=3.7"
summary = "Cross-platform tool for adding locations to the user PATH"
dependencies = [
    "click",
]
files = [
    {file = "userpath-1.9.2-py3-none-any.whl", hash = "sha256:2cbf01a23d655a1ff8fc166dfb78da1b641d1ceabf0fe5f970767d380b14e89d"},
    {file = "userpath-1.9.2.tar.gz", hash = "sha256:6c52288dab069257cc831846d15d48133522455d4677ee69a9781f11dbefd815"},
]

[[package]]
name = "uv"
version = "0.5.1"
requires_python = ">=3.8"
summary = "An extremely fast Python package and project manager, written in Rust."
files = [
    {file = "uv-0.5.1-py3-none-linux_armv6l.whl", hash = "sha256:93f0a02ea9149f4e7e359ef92da6f221da2ecf458cda2af729a1f6fa8c3ed1d2"},
    {file = "uv-0.5.1-py3-none-macosx_10_12_x86_64.whl", hash = "sha256:f66859e67d10ffff8b17c67c7ede207d67487cef20c3d17bc427b690f9dff795"},
    {file = "uv-0.5.1-py3-none-macosx_11_0_arm64.whl", hash = "sha256:c4d209164448c8529e21aca4ef1e3da94303b1bf726924786feffd87ed93ab4a"},
    {file = "uv-0.5.1-py3-none-manylinux_2_17_aarch64.manylinux2014_aarch64.musllinux_1_1_aarch64.whl", hash = "sha256:6ec61220d883751777cbabf0b076607cfbdeb812bc52c28722e897271461e589"},
    {file = "uv-0.5.1-py3-none-manylinux_2_17_armv7l.manylinux2014_armv7l.whl", hash = "sha256:73853b98bce9e118cda2d64360ddd7e0f79e237aca8cd2f28b6d5679400b239e"},
    {file = "uv-0.5.1-py3-none-manylinux_2_17_i686.manylinux2014_i686.whl", hash = "sha256:8dce5b6d6dea41db71fe8d9895167cc5abf3e7b28c016174b1b9a9aecb74d483"},
    {file = "uv-0.5.1-py3-none-manylinux_2_17_ppc64.manylinux2014_ppc64.whl", hash = "sha256:aaa63053ff6dc4456e2ac2a9b6a8eda0cfaa1e0f861633d9e7315c7df9a0a525"},
    {file = "uv-0.5.1-py3-none-manylinux_2_17_ppc64le.manylinux2014_ppc64le.whl", hash = "sha256:ac3fce68002e79f3c070f3e7d914e992f205f05af00bfffbe6c44d37aa39c86a"},
    {file = "uv-0.5.1-py3-none-manylinux_2_17_s390x.manylinux2014_s390x.whl", hash = "sha256:72b54a3308e13a81aa2df19baea40611fc344c7556f75d2113f9b9b5a894355e"},
    {file = "uv-0.5.1-py3-none-manylinux_2_17_x86_64.manylinux2014_x86_64.whl", hash = "sha256:4d1ec4a1bc19b523a84fc1bf2a92e9c4d982c831d3da450af71fc3057999d456"},
    {file = "uv-0.5.1-py3-none-manylinux_2_28_aarch64.whl", hash = "sha256:01c40f756e9536c05fdf3485c1dfe3da610c3169195bbe20fab03a4c4b7a0d98"},
    {file = "uv-0.5.1-py3-none-musllinux_1_1_armv7l.whl", hash = "sha256:3db7513c804fb89dcde671ba917cc486cfb574408d6257e19b19ae6b55f5982f"},
    {file = "uv-0.5.1-py3-none-musllinux_1_1_i686.whl", hash = "sha256:4601d40b0c02aff9fb791efa5b6f4c7dbad0970e13ac679aa8fb07365f331354"},
    {file = "uv-0.5.1-py3-none-musllinux_1_1_ppc64le.whl", hash = "sha256:821b6a9d591d3e951fbe81c53d32499d11500100d66b1c119e183f3d4a6cd07c"},
    {file = "uv-0.5.1-py3-none-musllinux_1_1_x86_64.whl", hash = "sha256:6a76765c3cc49268f3c6773bd89a0dacf8a91b040fc3faea6c527ef6f2308eba"},
    {file = "uv-0.5.1-py3-none-win32.whl", hash = "sha256:3ffb230be0f6552576da67a2737a32a6a640e4b3f42144088222a669802d7f10"},
    {file = "uv-0.5.1-py3-none-win_amd64.whl", hash = "sha256:922685dcaa1c9b6663649b379f9bdbe5b87af230f512e69398efc51bd9d8b8eb"},
    {file = "uv-0.5.1.tar.gz", hash = "sha256:ad2dd8a994a8334a5d4b354589be4b8c4b3b2ebb7bb2f2976c8e21d2799f45a9"},
]
