[main]
requirements = ["click==8.3.2 ; python_full_version >= '3.10'", "colorama==0.4.6 ; python_full_version >= '3.10' and sys_platform == 'win32'", "deepmerge==2.0 ; python_full_version >= '3.10'", "markdown==3.10.2 ; python_full_version >= '3.10'", "prek==0.3.9", "px-utils==1.1.2", "pygments==2.20.0 ; python_full_version >= '3.10'", "pymdown-extensions==10.21.2 ; python_full_version >= '3.10'", "pyyaml==6.0.3 ; python_full_version >= '3.10'", "ruff==0.15.10", "tomli==2.4.1 ; python_full_version == '3.10.*'", "tomlkit==0.14.0", "uv==0.11.6", "zensical==0.0.32 ; python_full_version >= '3.10'"]
hash = "6c8115c0a94724dc6a20ef483db4d4a1"
post-install = "prek install"
